// !$*UTF8*$!
{
	archiveVersion = 1;
	classes = {
	};
	objectVersion = 51;
	objects = {

/* Begin PBXBuildFile section */
		824712C72650D4510095642F /* Colors.xcassets in Resources */ = {isa = PBXBuildFile; fileRef = 824712C62650D4510095642F /* Colors.xcassets */; };
		82515EEF26042484008C1384 /* AppDelegate.swift in Sources */ = {isa = PBXBuildFile; fileRef = 82515EEE26042484008C1384 /* AppDelegate.swift */; };
		82515EF126042484008C1384 /* SceneDelegate.swift in Sources */ = {isa = PBXBuildFile; fileRef = 82515EF026042484008C1384 /* SceneDelegate.swift */; };
		82515EF326042484008C1384 /* ViewController.swift in Sources */ = {isa = PBXBuildFile; fileRef = 82515EF226042484008C1384 /* ViewController.swift */; };
		82515EF626042484008C1384 /* Main.storyboard in Resources */ = {isa = PBXBuildFile; fileRef = 82515EF426042484008C1384 /* Main.storyboard */; };
		82515EF826042486008C1384 /* Assets.xcassets in Resources */ = {isa = PBXBuildFile; fileRef = 82515EF726042486008C1384 /* Assets.xcassets */; };
		82515EFB26042486008C1384 /* LaunchScreen.storyboard in Resources */ = {isa = PBXBuildFile; fileRef = 82515EF926042486008C1384 /* LaunchScreen.storyboard */; };
		82B85C6F265327EE0002EC82 /* LogIn y Registro.storyboard in Resources */ = {isa = PBXBuildFile; fileRef = 82B85C6E265327EE0002EC82 /* LogIn y Registro.storyboard */; };
		82B85C762653285D0002EC82 /* ViewControllerRegistro.swift in Sources */ = {isa = PBXBuildFile; fileRef = 82B85C752653285D0002EC82 /* ViewControllerRegistro.swift */; };
		82B85C7A2653288B0002EC82 /* ViewControllerLogin.swift in Sources */ = {isa = PBXBuildFile; fileRef = 82B85C792653288B0002EC82 /* ViewControllerLogin.swift */; };
		82B85C9E265333D50002EC82 /* ViewControllerVistaInicialLoginRegistro.swift in Sources */ = {isa = PBXBuildFile; fileRef = 82B85C9D265333D50002EC82 /* ViewControllerVistaInicialLoginRegistro.swift */; };
		82D899D32660EDA800CA0762 /* ViewControllerIniciaSesion.swift in Sources */ = {isa = PBXBuildFile; fileRef = 82D899D22660EDA800CA0762 /* ViewControllerIniciaSesion.swift */; };
		82D899F52660FE5700CA0762 /* GoogleService-Info.plist in Resources */ = {isa = PBXBuildFile; fileRef = 82D899F42660FE5700CA0762 /* GoogleService-Info.plist */; };
		8C2A316B2650860A00BACC8C /* Competencia.storyboard in Resources */ = {isa = PBXBuildFile; fileRef = 8C2A316A2650860A00BACC8C /* Competencia.storyboard */; };
		8C31211C264F6BF800F7A811 /* ViewControllerRegistrarUsuario.swift in Sources */ = {isa = PBXBuildFile; fileRef = 8C31211B264F6BF800F7A811 /* ViewControllerRegistrarUsuario.swift */; };
		8C755636264E2DFD0008FBF2 /* ViewControllerMainMenu.swift in Sources */ = {isa = PBXBuildFile; fileRef = 8C755635264E2DFD0008FBF2 /* ViewControllerMainMenu.swift */; };
		8C755639264E30AA0008FBF2 /* ViewControllerModoCompetencia.swift in Sources */ = {isa = PBXBuildFile; fileRef = 8C755638264E30AA0008FBF2 /* ViewControllerModoCompetencia.swift */; };
		8C75563C264E31610008FBF2 /* ViewControllerModoEntrenamiento.swift in Sources */ = {isa = PBXBuildFile; fileRef = 8C75563B264E31610008FBF2 /* ViewControllerModoEntrenamiento.swift */; };
		8C98F90E2660C3BF00CB434F /* Correct.storyboard in Resources */ = {isa = PBXBuildFile; fileRef = 8C98F90C2660C3BF00CB434F /* Correct.storyboard */; };
		8C98F9112660C3F600CB434F /* ProblemaActivo.storyboard in Resources */ = {isa = PBXBuildFile; fileRef = 8C98F9102660C3F600CB434F /* ProblemaActivo.storyboard */; };
		8C98F9152660C42800CB434F /* SeleccionProblema.storyboard in Resources */ = {isa = PBXBuildFile; fileRef = 8C98F9132660C42800CB434F /* SeleccionProblema.storyboard */; };
		8C98F9182660C44D00CB434F /* SeleccionTiempo.storyboard in Resources */ = {isa = PBXBuildFile; fileRef = 8C98F9172660C44D00CB434F /* SeleccionTiempo.storyboard */; };
		8C98F91C2660C4A800CB434F /* SeleccionEntrenamiento.storyboard in Resources */ = {isa = PBXBuildFile; fileRef = 8C98F91A2660C4A800CB434F /* SeleccionEntrenamiento.storyboard */; };
		8C98F91F2660C4E900CB434F /* Configuracion.storyboard in Resources */ = {isa = PBXBuildFile; fileRef = 8C98F91E2660C4E900CB434F /* Configuracion.storyboard */; };
		8C98F9232660C51500CB434F /* Perfil.storyboard in Resources */ = {isa = PBXBuildFile; fileRef = 8C98F9212660C51500CB434F /* Perfil.storyboard */; };
		8C98F9262660C53E00CB434F /* SeleccionModo.storyboard in Resources */ = {isa = PBXBuildFile; fileRef = 8C98F9252660C53E00CB434F /* SeleccionModo.storyboard */; };
		8CC2C58126522C6C00C15252 /* ViewControllerSeleccionProblemas.swift in Sources */ = {isa = PBXBuildFile; fileRef = 8CC2C58026522C6C00C15252 /* ViewControllerSeleccionProblemas.swift */; };
		8CC2C5842652437400C15252 /* TipoDeProblema.swift in Sources */ = {isa = PBXBuildFile; fileRef = 8CC2C5832652437400C15252 /* TipoDeProblema.swift */; };
		8CDBED10265305B90093B430 /* ViewControllerProblemaActivo.swift in Sources */ = {isa = PBXBuildFile; fileRef = 8CDBED0F265305B90093B430 /* ViewControllerProblemaActivo.swift */; };
		8CFE90A6265F636D00806719 /* CorrectViewController.swift in Sources */ = {isa = PBXBuildFile; fileRef = 8CFE90A5265F636D00806719 /* CorrectViewController.swift */; };
		AAFE89F426313098002D4B33 /* Tapia.storyboard in Resources */ = {isa = PBXBuildFile; fileRef = AAFE89F326313098002D4B33 /* Tapia.storyboard */; };
		D3FE203C6951E0AD7942709E /* Pods_entrenate.framework in Frameworks */ = {isa = PBXBuildFile; fileRef = 56CD4D5F16219776BD186510 /* Pods_entrenate.framework */; };
/* End PBXBuildFile section */

/* Begin PBXFileReference section */
		01AC28C317A5C17FFE5D51BB /* Pods-entrenate.debug.xcconfig */ = {isa = PBXFileReference; includeInIndex = 1; lastKnownFileType = text.xcconfig; name = "Pods-entrenate.debug.xcconfig"; path = "Target Support Files/Pods-entrenate/Pods-entrenate.debug.xcconfig"; sourceTree = "<group>"; };
		1854260671500EF9180EBA63 /* Pods-entrenate.release.xcconfig */ = {isa = PBXFileReference; includeInIndex = 1; lastKnownFileType = text.xcconfig; name = "Pods-entrenate.release.xcconfig"; path = "Target Support Files/Pods-entrenate/Pods-entrenate.release.xcconfig"; sourceTree = "<group>"; };
		56CD4D5F16219776BD186510 /* Pods_entrenate.framework */ = {isa = PBXFileReference; explicitFileType = wrapper.framework; includeInIndex = 0; path = Pods_entrenate.framework; sourceTree = BUILT_PRODUCTS_DIR; };
		824712C62650D4510095642F /* Colors.xcassets */ = {isa = PBXFileReference; lastKnownFileType = folder.assetcatalog; path = Colors.xcassets; sourceTree = "<group>"; };
		82515EEB26042484008C1384 /* entrenate.app */ = {isa = PBXFileReference; explicitFileType = wrapper.application; includeInIndex = 0; path = entrenate.app; sourceTree = BUILT_PRODUCTS_DIR; };
		82515EEE26042484008C1384 /* AppDelegate.swift */ = {isa = PBXFileReference; lastKnownFileType = sourcecode.swift; path = AppDelegate.swift; sourceTree = "<group>"; };
		82515EF026042484008C1384 /* SceneDelegate.swift */ = {isa = PBXFileReference; lastKnownFileType = sourcecode.swift; path = SceneDelegate.swift; sourceTree = "<group>"; };
		82515EF226042484008C1384 /* ViewController.swift */ = {isa = PBXFileReference; lastKnownFileType = sourcecode.swift; path = ViewController.swift; sourceTree = "<group>"; };
		82515EF526042484008C1384 /* Base */ = {isa = PBXFileReference; lastKnownFileType = file.storyboard; name = Base; path = Base.lproj/Main.storyboard; sourceTree = "<group>"; };
		82515EF726042486008C1384 /* Assets.xcassets */ = {isa = PBXFileReference; lastKnownFileType = folder.assetcatalog; path = Assets.xcassets; sourceTree = "<group>"; };
		82515EFA26042486008C1384 /* Base */ = {isa = PBXFileReference; lastKnownFileType = file.storyboard; name = Base; path = Base.lproj/LaunchScreen.storyboard; sourceTree = "<group>"; };
		82515EFC26042486008C1384 /* Info.plist */ = {isa = PBXFileReference; lastKnownFileType = text.plist.xml; path = Info.plist; sourceTree = "<group>"; };
		82B85C6E265327EE0002EC82 /* LogIn y Registro.storyboard */ = {isa = PBXFileReference; lastKnownFileType = file.storyboard; path = "LogIn y Registro.storyboard"; sourceTree = "<group>"; };
		82B85C752653285D0002EC82 /* ViewControllerRegistro.swift */ = {isa = PBXFileReference; lastKnownFileType = sourcecode.swift; path = ViewControllerRegistro.swift; sourceTree = "<group>"; };
		82B85C792653288B0002EC82 /* ViewControllerLogin.swift */ = {isa = PBXFileReference; lastKnownFileType = sourcecode.swift; path = ViewControllerLogin.swift; sourceTree = "<group>"; };
		82B85C9D265333D50002EC82 /* ViewControllerVistaInicialLoginRegistro.swift */ = {isa = PBXFileReference; lastKnownFileType = sourcecode.swift; path = ViewControllerVistaInicialLoginRegistro.swift; sourceTree = "<group>"; };
		82D899D22660EDA800CA0762 /* ViewControllerIniciaSesion.swift */ = {isa = PBXFileReference; lastKnownFileType = sourcecode.swift; name = ViewControllerIniciaSesion.swift; path = entrenate/Controllers/ViewControllerIniciaSesion.swift; sourceTree = SOURCE_ROOT; };
		82D899F42660FE5700CA0762 /* GoogleService-Info.plist */ = {isa = PBXFileReference; fileEncoding = 4; lastKnownFileType = text.plist.xml; path = "GoogleService-Info.plist"; sourceTree = "<group>"; };
		8C2A316A2650860A00BACC8C /* Competencia.storyboard */ = {isa = PBXFileReference; lastKnownFileType = file.storyboard; path = Competencia.storyboard; sourceTree = "<group>"; };
		8C31211B264F6BF800F7A811 /* ViewControllerRegistrarUsuario.swift */ = {isa = PBXFileReference; lastKnownFileType = sourcecode.swift; path = ViewControllerRegistrarUsuario.swift; sourceTree = "<group>"; };
		8C755635264E2DFD0008FBF2 /* ViewControllerMainMenu.swift */ = {isa = PBXFileReference; lastKnownFileType = sourcecode.swift; path = ViewControllerMainMenu.swift; sourceTree = "<group>"; };
		8C755638264E30AA0008FBF2 /* ViewControllerModoCompetencia.swift */ = {isa = PBXFileReference; lastKnownFileType = sourcecode.swift; path = ViewControllerModoCompetencia.swift; sourceTree = "<group>"; };
		8C75563B264E31610008FBF2 /* ViewControllerModoEntrenamiento.swift */ = {isa = PBXFileReference; lastKnownFileType = sourcecode.swift; path = ViewControllerModoEntrenamiento.swift; sourceTree = "<group>"; };
		8C98F90D2660C3BF00CB434F /* Base */ = {isa = PBXFileReference; lastKnownFileType = file.storyboard; name = Base; path = entrenate/Base.lproj/Correct.storyboard; sourceTree = "<group>"; };
		8C98F9102660C3F600CB434F /* ProblemaActivo.storyboard */ = {isa = PBXFileReference; fileEncoding = 4; lastKnownFileType = file.storyboard; path = ProblemaActivo.storyboard; sourceTree = "<group>"; };
		8C98F9142660C42800CB434F /* Base */ = {isa = PBXFileReference; lastKnownFileType = file.storyboard; name = Base; path = entrenate/Base.lproj/SeleccionProblema.storyboard; sourceTree = "<group>"; };
		8C98F9172660C44D00CB434F /* SeleccionTiempo.storyboard */ = {isa = PBXFileReference; fileEncoding = 4; lastKnownFileType = file.storyboard; path = SeleccionTiempo.storyboard; sourceTree = "<group>"; };
		8C98F91B2660C4A800CB434F /* Base */ = {isa = PBXFileReference; lastKnownFileType = file.storyboard; name = Base; path = entrenate/Base.lproj/SeleccionEntrenamiento.storyboard; sourceTree = "<group>"; };
		8C98F91E2660C4E900CB434F /* Configuracion.storyboard */ = {isa = PBXFileReference; fileEncoding = 4; lastKnownFileType = file.storyboard; path = Configuracion.storyboard; sourceTree = "<group>"; };
		8C98F9222660C51500CB434F /* Base */ = {isa = PBXFileReference; lastKnownFileType = file.storyboard; name = Base; path = entrenate/Base.lproj/Perfil.storyboard; sourceTree = "<group>"; };
		8C98F9252660C53E00CB434F /* SeleccionModo.storyboard */ = {isa = PBXFileReference; fileEncoding = 4; lastKnownFileType = file.storyboard; path = SeleccionModo.storyboard; sourceTree = "<group>"; };
		8CC2C58026522C6C00C15252 /* ViewControllerSeleccionProblemas.swift */ = {isa = PBXFileReference; lastKnownFileType = sourcecode.swift; path = ViewControllerSeleccionProblemas.swift; sourceTree = "<group>"; };
		8CC2C5832652437400C15252 /* TipoDeProblema.swift */ = {isa = PBXFileReference; lastKnownFileType = sourcecode.swift; path = TipoDeProblema.swift; sourceTree = "<group>"; };
		8CDBED0F265305B90093B430 /* ViewControllerProblemaActivo.swift */ = {isa = PBXFileReference; lastKnownFileType = sourcecode.swift; path = ViewControllerProblemaActivo.swift; sourceTree = "<group>"; };
		8CFE90A5265F636D00806719 /* CorrectViewController.swift */ = {isa = PBXFileReference; lastKnownFileType = sourcecode.swift; path = CorrectViewController.swift; sourceTree = "<group>"; };
		AAFE89F326313098002D4B33 /* Tapia.storyboard */ = {isa = PBXFileReference; lastKnownFileType = file.storyboard; path = Tapia.storyboard; sourceTree = "<group>"; };
/* End PBXFileReference section */

/* Begin PBXFrameworksBuildPhase section */
		82515EE826042484008C1384 /* Frameworks */ = {
			isa = PBXFrameworksBuildPhase;
			buildActionMask = 2147483647;
			files = (
				D3FE203C6951E0AD7942709E /* Pods_entrenate.framework in Frameworks */,
			);
			runOnlyForDeploymentPostprocessing = 0;
		};
/* End PBXFrameworksBuildPhase section */

/* Begin PBXGroup section */
		2B2347B5F8E13AAC4A46400F /* Frameworks */ = {
			isa = PBXGroup;
			children = (
				56CD4D5F16219776BD186510 /* Pods_entrenate.framework */,
			);
			name = Frameworks;
			sourceTree = "<group>";
		};
		824FE5A22660CDA8004D53BA /* Views */ = {
			isa = PBXGroup;
			children = (
			);
			path = Views;
			sourceTree = "<group>";
		};
		824FE5A32660CDB0004D53BA /* Supporting */ = {
			isa = PBXGroup;
			children = (
				82515EFC26042486008C1384 /* Info.plist */,
				82D899F42660FE5700CA0762 /* GoogleService-Info.plist */,
			);
			path = Supporting;
			sourceTree = "<group>";
		};
		824FE5A42660CDBB004D53BA /* Storyboards */ = {
			isa = PBXGroup;
			children = (
				82515EF926042486008C1384 /* LaunchScreen.storyboard */,
				82B85C6E265327EE0002EC82 /* LogIn y Registro.storyboard */,
				AAFE89F326313098002D4B33 /* Tapia.storyboard */,
				8C98F9252660C53E00CB434F /* SeleccionModo.storyboard */,
				8C98F9212660C51500CB434F /* Perfil.storyboard */,
				8C98F91E2660C4E900CB434F /* Configuracion.storyboard */,
				8C98F91A2660C4A800CB434F /* SeleccionEntrenamiento.storyboard */,
				8C98F9172660C44D00CB434F /* SeleccionTiempo.storyboard */,
				8C98F9132660C42800CB434F /* SeleccionProblema.storyboard */,
				8C98F9102660C3F600CB434F /* ProblemaActivo.storyboard */,
				8C98F90C2660C3BF00CB434F /* Correct.storyboard */,
				8C2A316A2650860A00BACC8C /* Competencia.storyboard */,
			);
			path = Storyboards;
			sourceTree = "<group>";
		};
		824FE5A52660CDC8004D53BA /* Services */ = {
			isa = PBXGroup;
			children = (
			);
			path = Services;
			sourceTree = "<group>";
		};
		824FE5A62660CDCF004D53BA /* Models */ = {
			isa = PBXGroup;
			children = (
			);
			path = Models;
			sourceTree = "<group>";
		};
		824FE5A82660CDE4004D53BA /* Helpers */ = {
			isa = PBXGroup;
			children = (
			);
			path = Helpers;
			sourceTree = "<group>";
		};
		824FE5A92660CDF7004D53BA /* Extensions */ = {
			isa = PBXGroup;
			children = (
			);
			path = Extensions;
			sourceTree = "<group>";
		};
		824FE5AA2660CDFE004D53BA /* Controllers */ = {
			isa = PBXGroup;
			children = (
				82515EF226042484008C1384 /* ViewController.swift */,
				8CC2C58026522C6C00C15252 /* ViewControllerSeleccionProblemas.swift */,
				82B85C792653288B0002EC82 /* ViewControllerLogin.swift */,
				82B85C752653285D0002EC82 /* ViewControllerRegistro.swift */,
				8C31211B264F6BF800F7A811 /* ViewControllerRegistrarUsuario.swift */,
				82B85C9D265333D50002EC82 /* ViewControllerVistaInicialLoginRegistro.swift */,
				8C755635264E2DFD0008FBF2 /* ViewControllerMainMenu.swift */,
				8C755638264E30AA0008FBF2 /* ViewControllerModoCompetencia.swift */,
				8C75563B264E31610008FBF2 /* ViewControllerModoEntrenamiento.swift */,
				82D899D22660EDA800CA0762 /* ViewControllerIniciaSesion.swift */,
				8CC2C5832652437400C15252 /* TipoDeProblema.swift */,
				8CDBED0F265305B90093B430 /* ViewControllerProblemaActivo.swift */,
				8CFE90A5265F636D00806719 /* CorrectViewController.swift */,
			);
			path = Controllers;
			sourceTree = "<group>";
		};
		82515EE226042484008C1384 = {
			isa = PBXGroup;
			children = (
				82515EED26042484008C1384 /* entrenate */,
				82515EEC26042484008C1384 /* Products */,
				C492B838AA3C822FD75A6675 /* Pods */,
				2B2347B5F8E13AAC4A46400F /* Frameworks */,
			);
			sourceTree = "<group>";
		};
		82515EEC26042484008C1384 /* Products */ = {
			isa = PBXGroup;
			children = (
				82515EEB26042484008C1384 /* entrenate.app */,
			);
			name = Products;
			sourceTree = "<group>";
		};
		82515EED26042484008C1384 /* entrenate */ = {
			isa = PBXGroup;
			children = (
				82515EEE26042484008C1384 /* AppDelegate.swift */,
				82515EF026042484008C1384 /* SceneDelegate.swift */,
				82515EF426042484008C1384 /* Main.storyboard */,
				824FE5AA2660CDFE004D53BA /* Controllers */,
				824FE5A92660CDF7004D53BA /* Extensions */,
				824FE5A82660CDE4004D53BA /* Helpers */,
				824FE5A62660CDCF004D53BA /* Models */,
				824FE5A52660CDC8004D53BA /* Services */,
				824FE5A42660CDBB004D53BA /* Storyboards */,
				824FE5A32660CDB0004D53BA /* Supporting */,
				824FE5A22660CDA8004D53BA /* Views */,
				82515EF726042486008C1384 /* Assets.xcassets */,
				824712C62650D4510095642F /* Colors.xcassets */,
			);
			path = entrenate;
			sourceTree = "<group>";
		};
		C492B838AA3C822FD75A6675 /* Pods */ = {
			isa = PBXGroup;
			children = (
				01AC28C317A5C17FFE5D51BB /* Pods-entrenate.debug.xcconfig */,
				1854260671500EF9180EBA63 /* Pods-entrenate.release.xcconfig */,
			);
			path = Pods;
			sourceTree = "<group>";
		};
/* End PBXGroup section */

/* Begin PBXNativeTarget section */
		82515EEA26042484008C1384 /* entrenate */ = {
			isa = PBXNativeTarget;
			buildConfigurationList = 82515EFF26042486008C1384 /* Build configuration list for PBXNativeTarget "entrenate" */;
			buildPhases = (
				AC1A2FD2B53A0930A7F9EEB8 /* [CP] Check Pods Manifest.lock */,
				82515EE726042484008C1384 /* Sources */,
				82515EE826042484008C1384 /* Frameworks */,
				82515EE926042484008C1384 /* Resources */,
				4EBFCB13734C3CFD62FAAA84 /* [CP] Embed Pods Frameworks */,
				9AA6996D42079F812B0D8240 /* [CP] Copy Pods Resources */,
			);
			buildRules = (
			);
			dependencies = (
			);
			name = entrenate;
			productName = entrenate;
			productReference = 82515EEB26042484008C1384 /* entrenate.app */;
			productType = "com.apple.product-type.application";
		};
/* End PBXNativeTarget section */

/* Begin PBXProject section */
		82515EE326042484008C1384 /* Project object */ = {
			isa = PBXProject;
			attributes = {
				LastSwiftUpdateCheck = 1220;
				LastUpgradeCheck = 1220;
				TargetAttributes = {
					82515EEA26042484008C1384 = {
						CreatedOnToolsVersion = 12.2;
					};
				};
			};
			buildConfigurationList = 82515EE626042484008C1384 /* Build configuration list for PBXProject "entrenate" */;
			compatibilityVersion = "Xcode 9.3";
			developmentRegion = en;
			hasScannedForEncodings = 0;
			knownRegions = (
				en,
				Base,
			);
			mainGroup = 82515EE226042484008C1384;
			productRefGroup = 82515EEC26042484008C1384 /* Products */;
			projectDirPath = "";
			projectRoot = "";
			targets = (
				82515EEA26042484008C1384 /* entrenate */,
			);
		};
/* End PBXProject section */

/* Begin PBXResourcesBuildPhase section */
		82515EE926042484008C1384 /* Resources */ = {
			isa = PBXResourcesBuildPhase;
			buildActionMask = 2147483647;
			files = (
				8C98F9152660C42800CB434F /* SeleccionProblema.storyboard in Resources */,
				8C98F91F2660C4E900CB434F /* Configuracion.storyboard in Resources */,
				8C2A316B2650860A00BACC8C /* Competencia.storyboard in Resources */,
				8C98F9112660C3F600CB434F /* ProblemaActivo.storyboard in Resources */,
				8C98F9232660C51500CB434F /* Perfil.storyboard in Resources */,
				82515EFB26042486008C1384 /* LaunchScreen.storyboard in Resources */,
				82515EF826042486008C1384 /* Assets.xcassets in Resources */,
				8C98F90E2660C3BF00CB434F /* Correct.storyboard in Resources */,
				82B85C6F265327EE0002EC82 /* LogIn y Registro.storyboard in Resources */,
				82D899F52660FE5700CA0762 /* GoogleService-Info.plist in Resources */,
				AAFE89F426313098002D4B33 /* Tapia.storyboard in Resources */,
				824712C72650D4510095642F /* Colors.xcassets in Resources */,
				8C98F9182660C44D00CB434F /* SeleccionTiempo.storyboard in Resources */,
				8C98F91C2660C4A800CB434F /* SeleccionEntrenamiento.storyboard in Resources */,
				82515EF626042484008C1384 /* Main.storyboard in Resources */,
				8C98F9262660C53E00CB434F /* SeleccionModo.storyboard in Resources */,
			);
			runOnlyForDeploymentPostprocessing = 0;
		};
/* End PBXResourcesBuildPhase section */

/* Begin PBXShellScriptBuildPhase section */
		4EBFCB13734C3CFD62FAAA84 /* [CP] Embed Pods Frameworks */ = {
			isa = PBXShellScriptBuildPhase;
			buildActionMask = 2147483647;
			files = (
			);
			inputFileListPaths = (
				"${PODS_ROOT}/Target Support Files/Pods-entrenate/Pods-entrenate-frameworks-${CONFIGURATION}-input-files.xcfilelist",
			);
			name = "[CP] Embed Pods Frameworks";
			outputFileListPaths = (
				"${PODS_ROOT}/Target Support Files/Pods-entrenate/Pods-entrenate-frameworks-${CONFIGURATION}-output-files.xcfilelist",
			);
			runOnlyForDeploymentPostprocessing = 0;
			shellPath = /bin/sh;
			shellScript = "\"${PODS_ROOT}/Target Support Files/Pods-entrenate/Pods-entrenate-frameworks.sh\"\n";
			showEnvVarsInLog = 0;
		};
		9AA6996D42079F812B0D8240 /* [CP] Copy Pods Resources */ = {
			isa = PBXShellScriptBuildPhase;
			buildActionMask = 2147483647;
			files = (
			);
			inputFileListPaths = (
				"${PODS_ROOT}/Target Support Files/Pods-entrenate/Pods-entrenate-resources-${CONFIGURATION}-input-files.xcfilelist",
			);
			name = "[CP] Copy Pods Resources";
			outputFileListPaths = (
				"${PODS_ROOT}/Target Support Files/Pods-entrenate/Pods-entrenate-resources-${CONFIGURATION}-output-files.xcfilelist",
			);
			runOnlyForDeploymentPostprocessing = 0;
			shellPath = /bin/sh;
			shellScript = "\"${PODS_ROOT}/Target Support Files/Pods-entrenate/Pods-entrenate-resources.sh\"\n";
			showEnvVarsInLog = 0;
		};
		AC1A2FD2B53A0930A7F9EEB8 /* [CP] Check Pods Manifest.lock */ = {
			isa = PBXShellScriptBuildPhase;
			buildActionMask = 2147483647;
			files = (
			);
			inputFileListPaths = (
			);
			inputPaths = (
				"${PODS_PODFILE_DIR_PATH}/Podfile.lock",
				"${PODS_ROOT}/Manifest.lock",
			);
			name = "[CP] Check Pods Manifest.lock";
			outputFileListPaths = (
			);
			outputPaths = (
				"$(DERIVED_FILE_DIR)/Pods-entrenate-checkManifestLockResult.txt",
			);
			runOnlyForDeploymentPostprocessing = 0;
			shellPath = /bin/sh;
			shellScript = "diff \"${PODS_PODFILE_DIR_PATH}/Podfile.lock\" \"${PODS_ROOT}/Manifest.lock\" > /dev/null\nif [ $? != 0 ] ; then\n    # print error to STDERR\n    echo \"error: The sandbox is not in sync with the Podfile.lock. Run 'pod install' or update your CocoaPods installation.\" >&2\n    exit 1\nfi\n# This output is used by Xcode 'outputs' to avoid re-running this script phase.\necho \"SUCCESS\" > \"${SCRIPT_OUTPUT_FILE_0}\"\n";
			showEnvVarsInLog = 0;
		};
/* End PBXShellScriptBuildPhase section */

/* Begin PBXSourcesBuildPhase section */
		82515EE726042484008C1384 /* Sources */ = {
			isa = PBXSourcesBuildPhase;
			buildActionMask = 2147483647;
			files = (
				8CC2C5842652437400C15252 /* TipoDeProblema.swift in Sources */,
				82D899D32660EDA800CA0762 /* ViewControllerIniciaSesion.swift in Sources */,
				82B85C762653285D0002EC82 /* ViewControllerRegistro.swift in Sources */,
				8C755639264E30AA0008FBF2 /* ViewControllerModoCompetencia.swift in Sources */,
				8C755636264E2DFD0008FBF2 /* ViewControllerMainMenu.swift in Sources */,
				82515EF326042484008C1384 /* ViewController.swift in Sources */,
				82515EEF26042484008C1384 /* AppDelegate.swift in Sources */,
				82515EF126042484008C1384 /* SceneDelegate.swift in Sources */,
				8C75563C264E31610008FBF2 /* ViewControllerModoEntrenamiento.swift in Sources */,
				82B85C7A2653288B0002EC82 /* ViewControllerLogin.swift in Sources */,
				8CC2C58126522C6C00C15252 /* ViewControllerSeleccionProblemas.swift in Sources */,
				8CDBED10265305B90093B430 /* ViewControllerProblemaActivo.swift in Sources */,
				8CFE90A6265F636D00806719 /* CorrectViewController.swift in Sources */,
				82B85C9E265333D50002EC82 /* ViewControllerVistaInicialLoginRegistro.swift in Sources */,
				8C31211C264F6BF800F7A811 /* ViewControllerRegistrarUsuario.swift in Sources */,
			);
			runOnlyForDeploymentPostprocessing = 0;
		};
/* End PBXSourcesBuildPhase section */

/* Begin PBXVariantGroup section */
		82515EF426042484008C1384 /* Main.storyboard */ = {
			isa = PBXVariantGroup;
			children = (
				82515EF526042484008C1384 /* Base */,
			);
			name = Main.storyboard;
			sourceTree = "<group>";
		};
		82515EF926042486008C1384 /* LaunchScreen.storyboard */ = {
			isa = PBXVariantGroup;
			children = (
				82515EFA26042486008C1384 /* Base */,
			);
			name = LaunchScreen.storyboard;
			sourceTree = "<group>";
		};
		8C98F90C2660C3BF00CB434F /* Correct.storyboard */ = {
			isa = PBXVariantGroup;
			children = (
				8C98F90D2660C3BF00CB434F /* Base */,
			);
			name = Correct.storyboard;
			sourceTree = "<group>";
		};
		8C98F9132660C42800CB434F /* SeleccionProblema.storyboard */ = {
			isa = PBXVariantGroup;
			children = (
				8C98F9142660C42800CB434F /* Base */,
			);
			name = SeleccionProblema.storyboard;
			sourceTree = "<group>";
		};
		8C98F91A2660C4A800CB434F /* SeleccionEntrenamiento.storyboard */ = {
			isa = PBXVariantGroup;
			children = (
				8C98F91B2660C4A800CB434F /* Base */,
			);
			name = SeleccionEntrenamiento.storyboard;
			sourceTree = "<group>";
		};
		8C98F9212660C51500CB434F /* Perfil.storyboard */ = {
			isa = PBXVariantGroup;
			children = (
				8C98F9222660C51500CB434F /* Base */,
			);
			name = Perfil.storyboard;
			sourceTree = "<group>";
		};
/* End PBXVariantGroup section */

/* Begin XCBuildConfiguration section */
		82515EFD26042486008C1384 /* Debug */ = {
			isa = XCBuildConfiguration;
			buildSettings = {
				ALWAYS_SEARCH_USER_PATHS = NO;
				CLANG_ANALYZER_NONNULL = YES;
				CLANG_ANALYZER_NUMBER_OBJECT_CONVERSION = YES_AGGRESSIVE;
				CLANG_CXX_LANGUAGE_STANDARD = "gnu++14";
				CLANG_CXX_LIBRARY = "libc++";
				CLANG_ENABLE_MODULES = YES;
				CLANG_ENABLE_OBJC_ARC = YES;
				CLANG_ENABLE_OBJC_WEAK = YES;
				CLANG_WARN_BLOCK_CAPTURE_AUTORELEASING = YES;
				CLANG_WARN_BOOL_CONVERSION = YES;
				CLANG_WARN_COMMA = YES;
				CLANG_WARN_CONSTANT_CONVERSION = YES;
				CLANG_WARN_DEPRECATED_OBJC_IMPLEMENTATIONS = YES;
				CLANG_WARN_DIRECT_OBJC_ISA_USAGE = YES_ERROR;
				CLANG_WARN_DOCUMENTATION_COMMENTS = YES;
				CLANG_WARN_EMPTY_BODY = YES;
				CLANG_WARN_ENUM_CONVERSION = YES;
				CLANG_WARN_INFINITE_RECURSION = YES;
				CLANG_WARN_INT_CONVERSION = YES;
				CLANG_WARN_NON_LITERAL_NULL_CONVERSION = YES;
				CLANG_WARN_OBJC_IMPLICIT_RETAIN_SELF = YES;
				CLANG_WARN_OBJC_LITERAL_CONVERSION = YES;
				CLANG_WARN_OBJC_ROOT_CLASS = YES_ERROR;
				CLANG_WARN_QUOTED_INCLUDE_IN_FRAMEWORK_HEADER = YES;
				CLANG_WARN_RANGE_LOOP_ANALYSIS = YES;
				CLANG_WARN_STRICT_PROTOTYPES = YES;
				CLANG_WARN_SUSPICIOUS_MOVE = YES;
				CLANG_WARN_UNGUARDED_AVAILABILITY = YES_AGGRESSIVE;
				CLANG_WARN_UNREACHABLE_CODE = YES;
				CLANG_WARN__DUPLICATE_METHOD_MATCH = YES;
				COPY_PHASE_STRIP = NO;
				DEBUG_INFORMATION_FORMAT = dwarf;
				ENABLE_STRICT_OBJC_MSGSEND = YES;
				ENABLE_TESTABILITY = YES;
				GCC_C_LANGUAGE_STANDARD = gnu11;
				GCC_DYNAMIC_NO_PIC = NO;
				GCC_NO_COMMON_BLOCKS = YES;
				GCC_OPTIMIZATION_LEVEL = 0;
				GCC_PREPROCESSOR_DEFINITIONS = (
					"DEBUG=1",
					"$(inherited)",
				);
				GCC_WARN_64_TO_32_BIT_CONVERSION = YES;
				GCC_WARN_ABOUT_RETURN_TYPE = YES_ERROR;
				GCC_WARN_UNDECLARED_SELECTOR = YES;
				GCC_WARN_UNINITIALIZED_AUTOS = YES_AGGRESSIVE;
				GCC_WARN_UNUSED_FUNCTION = YES;
				GCC_WARN_UNUSED_VARIABLE = YES;
				IPHONEOS_DEPLOYMENT_TARGET = 14.2;
				MTL_ENABLE_DEBUG_INFO = INCLUDE_SOURCE;
				MTL_FAST_MATH = YES;
				ONLY_ACTIVE_ARCH = YES;
				SDKROOT = iphoneos;
				SWIFT_ACTIVE_COMPILATION_CONDITIONS = DEBUG;
				SWIFT_OPTIMIZATION_LEVEL = "-Onone";
			};
			name = Debug;
		};
		82515EFE26042486008C1384 /* Release */ = {
			isa = XCBuildConfiguration;
			buildSettings = {
				ALWAYS_SEARCH_USER_PATHS = NO;
				CLANG_ANALYZER_NONNULL = YES;
				CLANG_ANALYZER_NUMBER_OBJECT_CONVERSION = YES_AGGRESSIVE;
				CLANG_CXX_LANGUAGE_STANDARD = "gnu++14";
				CLANG_CXX_LIBRARY = "libc++";
				CLANG_ENABLE_MODULES = YES;
				CLANG_ENABLE_OBJC_ARC = YES;
				CLANG_ENABLE_OBJC_WEAK = YES;
				CLANG_WARN_BLOCK_CAPTURE_AUTORELEASING = YES;
				CLANG_WARN_BOOL_CONVERSION = YES;
				CLANG_WARN_COMMA = YES;
				CLANG_WARN_CONSTANT_CONVERSION = YES;
				CLANG_WARN_DEPRECATED_OBJC_IMPLEMENTATIONS = YES;
				CLANG_WARN_DIRECT_OBJC_ISA_USAGE = YES_ERROR;
				CLANG_WARN_DOCUMENTATION_COMMENTS = YES;
				CLANG_WARN_EMPTY_BODY = YES;
				CLANG_WARN_ENUM_CONVERSION = YES;
				CLANG_WARN_INFINITE_RECURSION = YES;
				CLANG_WARN_INT_CONVERSION = YES;
				CLANG_WARN_NON_LITERAL_NULL_CONVERSION = YES;
				CLANG_WARN_OBJC_IMPLICIT_RETAIN_SELF = YES;
				CLANG_WARN_OBJC_LITERAL_CONVERSION = YES;
				CLANG_WARN_OBJC_ROOT_CLASS = YES_ERROR;
				CLANG_WARN_QUOTED_INCLUDE_IN_FRAMEWORK_HEADER = YES;
				CLANG_WARN_RANGE_LOOP_ANALYSIS = YES;
				CLANG_WARN_STRICT_PROTOTYPES = YES;
				CLANG_WARN_SUSPICIOUS_MOVE = YES;
				CLANG_WARN_UNGUARDED_AVAILABILITY = YES_AGGRESSIVE;
				CLANG_WARN_UNREACHABLE_CODE = YES;
				CLANG_WARN__DUPLICATE_METHOD_MATCH = YES;
				COPY_PHASE_STRIP = NO;
				DEBUG_INFORMATION_FORMAT = "dwarf-with-dsym";
				ENABLE_NS_ASSERTIONS = NO;
				ENABLE_STRICT_OBJC_MSGSEND = YES;
				GCC_C_LANGUAGE_STANDARD = gnu11;
				GCC_NO_COMMON_BLOCKS = YES;
				GCC_WARN_64_TO_32_BIT_CONVERSION = YES;
				GCC_WARN_ABOUT_RETURN_TYPE = YES_ERROR;
				GCC_WARN_UNDECLARED_SELECTOR = YES;
				GCC_WARN_UNINITIALIZED_AUTOS = YES_AGGRESSIVE;
				GCC_WARN_UNUSED_FUNCTION = YES;
				GCC_WARN_UNUSED_VARIABLE = YES;
				IPHONEOS_DEPLOYMENT_TARGET = 14.2;
				MTL_ENABLE_DEBUG_INFO = NO;
				MTL_FAST_MATH = YES;
				SDKROOT = iphoneos;
				SWIFT_COMPILATION_MODE = wholemodule;
				SWIFT_OPTIMIZATION_LEVEL = "-O";
				VALIDATE_PRODUCT = YES;
			};
			name = Release;
		};
		82515F0026042486008C1384 /* Debug */ = {
			isa = XCBuildConfiguration;
			baseConfigurationReference = 01AC28C317A5C17FFE5D51BB /* Pods-entrenate.debug.xcconfig */;
			buildSettings = {
				ASSETCATALOG_COMPILER_APPICON_NAME = AppIcon;
				ASSETCATALOG_COMPILER_GLOBAL_ACCENT_COLOR_NAME = AccentColor;
				CODE_SIGN_STYLE = Automatic;
				DEVELOPMENT_TEAM = 459KZ5T6YK;
				INFOPLIST_FILE = "$(SRCROOT)/entrenate/Supporting/Info.plist";
				LD_RUNPATH_SEARCH_PATHS = (
					"$(inherited)",
					"@executable_path/Frameworks",
				);
				PRODUCT_BUNDLE_IDENTIFIER = ommch.entrenate;
				PRODUCT_NAME = "$(TARGET_NAME)";
				SWIFT_VERSION = 5.0;
				TARGETED_DEVICE_FAMILY = "1,2";
			};
			name = Debug;
		};
		82515F0126042486008C1384 /* Release */ = {
			isa = XCBuildConfiguration;
			baseConfigurationReference = 1854260671500EF9180EBA63 /* Pods-entrenate.release.xcconfig */;
			buildSettings = {
				ASSETCATALOG_COMPILER_APPICON_NAME = AppIcon;
				ASSETCATALOG_COMPILER_GLOBAL_ACCENT_COLOR_NAME = AccentColor;
				CODE_SIGN_STYLE = Automatic;
				DEVELOPMENT_TEAM = 459KZ5T6YK;
				INFOPLIST_FILE = "$(SRCROOT)/entrenate/Supporting/Info.plist";
				LD_RUNPATH_SEARCH_PATHS = (
					"$(inherited)",
					"@executable_path/Frameworks",
				);
				PRODUCT_BUNDLE_IDENTIFIER = ommch.entrenate;
				PRODUCT_NAME = "$(TARGET_NAME)";
				SWIFT_VERSION = 5.0;
				TARGETED_DEVICE_FAMILY = "1,2";
			};
			name = Release;
		};
/* End XCBuildConfiguration section */

/* Begin XCConfigurationList section */
		82515EE626042484008C1384 /* Build configuration list for PBXProject "entrenate" */ = {
			isa = XCConfigurationList;
			buildConfigurations = (
				82515EFD26042486008C1384 /* Debug */,
				82515EFE26042486008C1384 /* Release */,
			);
			defaultConfigurationIsVisible = 0;
			defaultConfigurationName = Release;
		};
		82515EFF26042486008C1384 /* Build configuration list for PBXNativeTarget "entrenate" */ = {
			isa = XCConfigurationList;
			buildConfigurations = (
				82515F0026042486008C1384 /* Debug */,
				82515F0126042486008C1384 /* Release */,
			);
			defaultConfigurationIsVisible = 0;
			defaultConfigurationName = Release;
		};
/* End XCConfigurationList section */
	};
	rootObject = 82515EE326042484008C1384 /* Project object */;
}
